// !$*UTF8*$!
{
	archiveVersion = 1;
	classes = {
	};
	objectVersion = 50;
	objects = {

/* Begin PBXBuildFile section */
		189121562292DBC500D30BDF /* AppDelegate.swift in Sources */ = {isa = PBXBuildFile; fileRef = 189121552292DBC500D30BDF /* AppDelegate.swift */; };
		189121582292DBC500D30BDF /* MyTodoViewController.swift in Sources */ = {isa = PBXBuildFile; fileRef = 189121572292DBC500D30BDF /* MyTodoViewController.swift */; };
		1891215B2292DBC500D30BDF /* Main.storyboard in Resources */ = {isa = PBXBuildFile; fileRef = 189121592292DBC500D30BDF /* Main.storyboard */; };
		1891215D2292DBC700D30BDF /* Assets.xcassets in Resources */ = {isa = PBXBuildFile; fileRef = 1891215C2292DBC700D30BDF /* Assets.xcassets */; };
		189121602292DBC700D30BDF /* LaunchScreen.storyboard in Resources */ = {isa = PBXBuildFile; fileRef = 1891215E2292DBC700D30BDF /* LaunchScreen.storyboard */; };
		1897181422B78F86001D9DF9 /* CategoryViewController.swift in Sources */ = {isa = PBXBuildFile; fileRef = 1897181322B78F86001D9DF9 /* CategoryViewController.swift */; };
		18EBD03422C48A6300CA9F4C /* Category.swift in Sources */ = {isa = PBXBuildFile; fileRef = 18EBD03322C48A6300CA9F4C /* Category.swift */; };
		18EBD03622C48A6D00CA9F4C /* Item.swift in Sources */ = {isa = PBXBuildFile; fileRef = 18EBD03522C48A6D00CA9F4C /* Item.swift */; };
		5C24CC836D7FA2EC2DA75BC6 /* Pods_MyTodoList.framework in Frameworks */ = {isa = PBXBuildFile; fileRef = 4C6E693CAFB131E19DA782E1 /* Pods_MyTodoList.framework */; };
/* End PBXBuildFile section */

/* Begin PBXFileReference section */
		189121522292DBC500D30BDF /* MyTodoList.app */ = {isa = PBXFileReference; explicitFileType = wrapper.application; includeInIndex = 0; path = MyTodoList.app; sourceTree = BUILT_PRODUCTS_DIR; };
		189121552292DBC500D30BDF /* AppDelegate.swift */ = {isa = PBXFileReference; lastKnownFileType = sourcecode.swift; path = AppDelegate.swift; sourceTree = "<group>"; };
		189121572292DBC500D30BDF /* MyTodoViewController.swift */ = {isa = PBXFileReference; lastKnownFileType = sourcecode.swift; path = MyTodoViewController.swift; sourceTree = "<group>"; };
		1891215A2292DBC500D30BDF /* Base */ = {isa = PBXFileReference; lastKnownFileType = file.storyboard; name = Base; path = Base.lproj/Main.storyboard; sourceTree = "<group>"; };
		1891215C2292DBC700D30BDF /* Assets.xcassets */ = {isa = PBXFileReference; lastKnownFileType = folder.assetcatalog; path = Assets.xcassets; sourceTree = "<group>"; };
		1891215F2292DBC700D30BDF /* Base */ = {isa = PBXFileReference; lastKnownFileType = file.storyboard; name = Base; path = Base.lproj/LaunchScreen.storyboard; sourceTree = "<group>"; };
		189121612292DBC700D30BDF /* Info.plist */ = {isa = PBXFileReference; lastKnownFileType = text.plist.xml; path = Info.plist; sourceTree = "<group>"; };
		1897181322B78F86001D9DF9 /* CategoryViewController.swift */ = {isa = PBXFileReference; lastKnownFileType = sourcecode.swift; path = CategoryViewController.swift; sourceTree = "<group>"; };
		18EBD03322C48A6300CA9F4C /* Category.swift */ = {isa = PBXFileReference; lastKnownFileType = sourcecode.swift; path = Category.swift; sourceTree = "<group>"; };
		18EBD03522C48A6D00CA9F4C /* Item.swift */ = {isa = PBXFileReference; lastKnownFileType = sourcecode.swift; path = Item.swift; sourceTree = "<group>"; };
		242CCC5636A2D96A01E9E6A4 /* Pods-MyTodoList.release.xcconfig */ = {isa = PBXFileReference; includeInIndex = 1; lastKnownFileType = text.xcconfig; name = "Pods-MyTodoList.release.xcconfig"; path = "Target Support Files/Pods-MyTodoList/Pods-MyTodoList.release.xcconfig"; sourceTree = "<group>"; };
		4C6E693CAFB131E19DA782E1 /* Pods_MyTodoList.framework */ = {isa = PBXFileReference; explicitFileType = wrapper.framework; includeInIndex = 0; path = Pods_MyTodoList.framework; sourceTree = BUILT_PRODUCTS_DIR; };
		85E92DA8ABE341A5B279333C /* Pods-MyTodoList.debug.xcconfig */ = {isa = PBXFileReference; includeInIndex = 1; lastKnownFileType = text.xcconfig; name = "Pods-MyTodoList.debug.xcconfig"; path = "Target Support Files/Pods-MyTodoList/Pods-MyTodoList.debug.xcconfig"; sourceTree = "<group>"; };
/* End PBXFileReference section */

/* Begin PBXFrameworksBuildPhase section */
		1891214F2292DBC500D30BDF /* Frameworks */ = {
			isa = PBXFrameworksBuildPhase;
			buildActionMask = 2147483647;
			files = (
				5C24CC836D7FA2EC2DA75BC6 /* Pods_MyTodoList.framework in Frameworks */,
			);
			runOnlyForDeploymentPostprocessing = 0;
		};
/* End PBXFrameworksBuildPhase section */

/* Begin PBXGroup section */
		189121492292DBC500D30BDF = {
			isa = PBXGroup;
			children = (
				189121542292DBC500D30BDF /* MyTodoList */,
				189121532292DBC500D30BDF /* Products */,
				C92B071D63B32E65B247457F /* Pods */,
				4ED0BDF7641EFF8FABE971C3 /* Frameworks */,
			);
			sourceTree = "<group>";
		};
		189121532292DBC500D30BDF /* Products */ = {
			isa = PBXGroup;
			children = (
				189121522292DBC500D30BDF /* MyTodoList.app */,
			);
			name = Products;
			sourceTree = "<group>";
		};
		189121542292DBC500D30BDF /* MyTodoList */ = {
			isa = PBXGroup;
			children = (
				189121552292DBC500D30BDF /* AppDelegate.swift */,
				18F53E1C22933DAC00E27A1C /* Controller */,
				18F53E1B22933D9E00E27A1C /* Views */,
				18F53E1822933D7D00E27A1C /* Data Modals */,
				18F53E1D22933DE500E27A1C /* Supporting Files */,
				189121612292DBC700D30BDF /* Info.plist */,
			);
			path = MyTodoList;
			sourceTree = "<group>";
		};
		18F53E1822933D7D00E27A1C /* Data Modals */ = {
			isa = PBXGroup;
			children = (
				18EBD03322C48A6300CA9F4C /* Category.swift */,
				18EBD03522C48A6D00CA9F4C /* Item.swift */,
			);
			path = "Data Modals";
			sourceTree = "<group>";
		};
		18F53E1B22933D9E00E27A1C /* Views */ = {
			isa = PBXGroup;
			children = (
				189121592292DBC500D30BDF /* Main.storyboard */,
			);
			name = Views;
			sourceTree = "<group>";
		};
		18F53E1C22933DAC00E27A1C /* Controller */ = {
			isa = PBXGroup;
			children = (
				1897181322B78F86001D9DF9 /* CategoryViewController.swift */,
				189121572292DBC500D30BDF /* MyTodoViewController.swift */,
			);
			name = Controller;
			sourceTree = "<group>";
		};
		18F53E1D22933DE500E27A1C /* Supporting Files */ = {
			isa = PBXGroup;
			children = (
				1891215C2292DBC700D30BDF /* Assets.xcassets */,
				1891215E2292DBC700D30BDF /* LaunchScreen.storyboard */,
			);
			name = "Supporting Files";
			sourceTree = "<group>";
		};
		4ED0BDF7641EFF8FABE971C3 /* Frameworks */ = {
			isa = PBXGroup;
			children = (
				4C6E693CAFB131E19DA782E1 /* Pods_MyTodoList.framework */,
			);
			name = Frameworks;
			sourceTree = "<group>";
		};
		C92B071D63B32E65B247457F /* Pods */ = {
			isa = PBXGroup;
			children = (
				85E92DA8ABE341A5B279333C /* Pods-MyTodoList.debug.xcconfig */,
				242CCC5636A2D96A01E9E6A4 /* Pods-MyTodoList.release.xcconfig */,
			);
			path = Pods;
			sourceTree = "<group>";
		};
/* End PBXGroup section */

/* Begin PBXNativeTarget section */
		189121512292DBC500D30BDF /* MyTodoList */ = {
			isa = PBXNativeTarget;
			buildConfigurationList = 189121642292DBC700D30BDF /* Build configuration list for PBXNativeTarget "MyTodoList" */;
			buildPhases = (
				59748DB89F7C1BB3AC29EFD0 /* [CP] Check Pods Manifest.lock */,
				1891214E2292DBC500D30BDF /* Sources */,
				1891214F2292DBC500D30BDF /* Frameworks */,
				189121502292DBC500D30BDF /* Resources */,
				C42B6A14CAAE119BE8C22BA0 /* [CP] Embed Pods Frameworks */,
			);
			buildRules = (
			);
			dependencies = (
			);
			name = MyTodoList;
			productName = MyTodoList;
			productReference = 189121522292DBC500D30BDF /* MyTodoList.app */;
			productType = "com.apple.product-type.application";
		};
/* End PBXNativeTarget section */

/* Begin PBXProject section */
		1891214A2292DBC500D30BDF /* Project object */ = {
			isa = PBXProject;
			attributes = {
				LastSwiftUpdateCheck = 1020;
				LastUpgradeCheck = 1020;
				ORGANIZATIONNAME = Apple;
				TargetAttributes = {
					189121512292DBC500D30BDF = {
						CreatedOnToolsVersion = 10.2.1;
					};
				};
			};
			buildConfigurationList = 1891214D2292DBC500D30BDF /* Build configuration list for PBXProject "MyTodoList" */;
			compatibilityVersion = "Xcode 9.3";
			developmentRegion = en;
			hasScannedForEncodings = 0;
			knownRegions = (
				en,
				Base,
			);
			mainGroup = 189121492292DBC500D30BDF;
			productRefGroup = 189121532292DBC500D30BDF /* Products */;
			projectDirPath = "";
			projectRoot = "";
			targets = (
				189121512292DBC500D30BDF /* MyTodoList */,
			);
		};
/* End PBXProject section */

/* Begin PBXResourcesBuildPhase section */
		189121502292DBC500D30BDF /* Resources */ = {
			isa = PBXResourcesBuildPhase;
			buildActionMask = 2147483647;
			files = (
				189121602292DBC700D30BDF /* LaunchScreen.storyboard in Resources */,
				1891215D2292DBC700D30BDF /* Assets.xcassets in Resources */,
				1891215B2292DBC500D30BDF /* Main.storyboard in Resources */,
			);
			runOnlyForDeploymentPostprocessing = 0;
		};
/* End PBXResourcesBuildPhase section */

/* Begin PBXShellScriptBuildPhase section */
		59748DB89F7C1BB3AC29EFD0 /* [CP] Check Pods Manifest.lock */ = {
			isa = PBXShellScriptBuildPhase;
			buildActionMask = 2147483647;
			files = (
			);
			inputFileListPaths = (
			);
			inputPaths = (
				"${PODS_PODFILE_DIR_PATH}/Podfile.lock",
				"${PODS_ROOT}/Manifest.lock",
			);
			name = "[CP] Check Pods Manifest.lock";
			outputFileListPaths = (
			);
			outputPaths = (
				"$(DERIVED_FILE_DIR)/Pods-MyTodoList-checkManifestLockResult.txt",
			);
			runOnlyForDeploymentPostprocessing = 0;
			shellPath = /bin/sh;
			shellScript = "diff \"${PODS_PODFILE_DIR_PATH}/Podfile.lock\" \"${PODS_ROOT}/Manifest.lock\" > /dev/null\nif [ $? != 0 ] ; then\n    # print error to STDERR\n    echo \"error: The sandbox is not in sync with the Podfile.lock. Run 'pod install' or update your CocoaPods installation.\" >&2\n    exit 1\nfi\n# This output is used by Xcode 'outputs' to avoid re-running this script phase.\necho \"SUCCESS\" > \"${SCRIPT_OUTPUT_FILE_0}\"\n";
			showEnvVarsInLog = 0;
		};
		C42B6A14CAAE119BE8C22BA0 /* [CP] Embed Pods Frameworks */ = {
			isa = PBXShellScriptBuildPhase;
			buildActionMask = 2147483647;
			files = (
			);
			inputFileListPaths = (
			);
			inputPaths = (
				"${PODS_ROOT}/Target Support Files/Pods-MyTodoList/Pods-MyTodoList-frameworks.sh",
				"${BUILT_PRODUCTS_DIR}/Realm/Realm.framework",
				"${BUILT_PRODUCTS_DIR}/RealmSwift/RealmSwift.framework",
			);
			name = "[CP] Embed Pods Frameworks";
			outputFileListPaths = (
			);
			outputPaths = (
				"${TARGET_BUILD_DIR}/${FRAMEWORKS_FOLDER_PATH}/Realm.framework",
				"${TARGET_BUILD_DIR}/${FRAMEWORKS_FOLDER_PATH}/RealmSwift.framework",
			);
			runOnlyForDeploymentPostprocessing = 0;
			shellPath = /bin/sh;
			shellScript = "\"${PODS_ROOT}/Target Support Files/Pods-MyTodoList/Pods-MyTodoList-frameworks.sh\"\n";
			showEnvVarsInLog = 0;
		};
/* End PBXShellScriptBuildPhase section */

/* Begin PBXSourcesBuildPhase section */
		1891214E2292DBC500D30BDF /* Sources */ = {
			isa = PBXSourcesBuildPhase;
			buildActionMask = 2147483647;
			files = (
				18EBD03622C48A6D00CA9F4C /* Item.swift in Sources */,
				1897181422B78F86001D9DF9 /* CategoryViewController.swift in Sources */,
				189121582292DBC500D30BDF /* MyTodoViewController.swift in Sources */,
				189121562292DBC500D30BDF /* AppDelegate.swift in Sources */,
				18EBD03422C48A6300CA9F4C /* Category.swift in Sources */,
			);
			runOnlyForDeploymentPostprocessing = 0;
		};
/* End PBXSourcesBuildPhase section */

/* Begin PBXVariantGroup section */
		189121592292DBC500D30BDF /* Main.storyboard */ = {
			isa = PBXVariantGroup;
			children = (
				1891215A2292DBC500D30BDF /* Base */,
			);
			name = Main.storyboard;
			sourceTree = "<group>";
		};
		1891215E2292DBC700D30BDF /* LaunchScreen.storyboard */ = {
			isa = PBXVariantGroup;
			children = (
				1891215F2292DBC700D30BDF /* Base */,
			);
			name = LaunchScreen.storyboard;
			sourceTree = "<group>";
		};
/* End PBXVariantGroup section */

/* Begin XCBuildConfiguration section */
		189121622292DBC700D30BDF /* Debug */ = {
			isa = XCBuildConfiguration;
			buildSettings = {
				ALWAYS_SEARCH_USER_PATHS = NO;
				CLANG_ANALYZER_NONNULL = YES;
				CLANG_ANALYZER_NUMBER_OBJECT_CONVERSION = YES_AGGRESSIVE;
				CLANG_CXX_LANGUAGE_STANDARD = "gnu++14";
				CLANG_CXX_LIBRARY = "libc++";
				CLANG_ENABLE_MODULES = YES;
				CLANG_ENABLE_OBJC_ARC = YES;
				CLANG_ENABLE_OBJC_WEAK = YES;
				CLANG_WARN_BLOCK_CAPTURE_AUTORELEASING = YES;
				CLANG_WARN_BOOL_CONVERSION = YES;
				CLANG_WARN_COMMA = YES;
				CLANG_WARN_CONSTANT_CONVERSION = YES;
				CLANG_WARN_DEPRECATED_OBJC_IMPLEMENTATIONS = YES;
				CLANG_WARN_DIRECT_OBJC_ISA_USAGE = YES_ERROR;
				CLANG_WARN_DOCUMENTATION_COMMENTS = YES;
				CLANG_WARN_EMPTY_BODY = YES;
				CLANG_WARN_ENUM_CONVERSION = YES;
				CLANG_WARN_INFINITE_RECURSION = YES;
				CLANG_WARN_INT_CONVERSION = YES;
				CLANG_WARN_NON_LITERAL_NULL_CONVERSION = YES;
				CLANG_WARN_OBJC_IMPLICIT_RETAIN_SELF = YES;
				CLANG_WARN_OBJC_LITERAL_CONVERSION = YES;
				CLANG_WARN_OBJC_ROOT_CLASS = YES_ERROR;
				CLANG_WARN_RANGE_LOOP_ANALYSIS = YES;
				CLANG_WARN_STRICT_PROTOTYPES = YES;
				CLANG_WARN_SUSPICIOUS_MOVE = YES;
				CLANG_WARN_UNGUARDED_AVAILABILITY = YES_AGGRESSIVE;
				CLANG_WARN_UNREACHABLE_CODE = YES;
				CLANG_WARN__DUPLICATE_METHOD_MATCH = YES;
				CODE_SIGN_IDENTITY = "iPhone Developer";
				COPY_PHASE_STRIP = NO;
				DEBUG_INFORMATION_FORMAT = dwarf;
				ENABLE_STRICT_OBJC_MSGSEND = YES;
				ENABLE_TESTABILITY = YES;
				GCC_C_LANGUAGE_STANDARD = gnu11;
				GCC_DYNAMIC_NO_PIC = NO;
				GCC_NO_COMMON_BLOCKS = YES;
				GCC_OPTIMIZATION_LEVEL = 0;
				GCC_PREPROCESSOR_DEFINITIONS = (
					"DEBUG=1",
					"$(inherited)",
				);
				GCC_WARN_64_TO_32_BIT_CONVERSION = YES;
				GCC_WARN_ABOUT_RETURN_TYPE = YES_ERROR;
				GCC_WARN_UNDECLARED_SELECTOR = YES;
				GCC_WARN_UNINITIALIZED_AUTOS = YES_AGGRESSIVE;
				GCC_WARN_UNUSED_FUNCTION = YES;
				GCC_WARN_UNUSED_VARIABLE = YES;
				IPHONEOS_DEPLOYMENT_TARGET = 12.2;
				MTL_ENABLE_DEBUG_INFO = INCLUDE_SOURCE;
				MTL_FAST_MATH = YES;
				ONLY_ACTIVE_ARCH = YES;
				SDKROOT = iphoneos;
				SWIFT_ACTIVE_COMPILATION_CONDITIONS = DEBUG;
				SWIFT_OPTIMIZATION_LEVEL = "-Onone";
			};
			name = Debug;
		};
		189121632292DBC700D30BDF /* Release */ = {
			isa = XCBuildConfiguration;
			buildSettings = {
				ALWAYS_SEARCH_USER_PATHS = NO;
				CLANG_ANALYZER_NONNULL = YES;
				CLANG_ANALYZER_NUMBER_OBJECT_CONVERSION = YES_AGGRESSIVE;
				CLANG_CXX_LANGUAGE_STANDARD = "gnu++14";
				CLANG_CXX_LIBRARY = "libc++";
				CLANG_ENABLE_MODULES = YES;
				CLANG_ENABLE_OBJC_ARC = YES;
				CLANG_ENABLE_OBJC_WEAK = YES;
				CLANG_WARN_BLOCK_CAPTURE_AUTORELEASING = YES;
				CLANG_WARN_BOOL_CONVERSION = YES;
				CLANG_WARN_COMMA = YES;
				CLANG_WARN_CONSTANT_CONVERSION = YES;
				CLANG_WARN_DEPRECATED_OBJC_IMPLEMENTATIONS = YES;
				CLANG_WARN_DIRECT_OBJC_ISA_USAGE = YES_ERROR;
				CLANG_WARN_DOCUMENTATION_COMMENTS = YES;
				CLANG_WARN_EMPTY_BODY = YES;
				CLANG_WARN_ENUM_CONVERSION = YES;
				CLANG_WARN_INFINITE_RECURSION = YES;
				CLANG_WARN_INT_CONVERSION = YES;
				CLANG_WARN_NON_LITERAL_NULL_CONVERSION = YES;
				CLANG_WARN_OBJC_IMPLICIT_RETAIN_SELF = YES;
				CLANG_WARN_OBJC_LITERAL_CONVERSION = YES;
				CLANG_WARN_OBJC_ROOT_CLASS = YES_ERROR;
				CLANG_WARN_RANGE_LOOP_ANALYSIS = YES;
				CLANG_WARN_STRICT_PROTOTYPES = YES;
				CLANG_WARN_SUSPICIOUS_MOVE = YES;
				CLANG_WARN_UNGUARDED_AVAILABILITY = YES_AGGRESSIVE;
				CLANG_WARN_UNREACHABLE_CODE = YES;
				CLANG_WARN__DUPLICATE_METHOD_MATCH = YES;
				CODE_SIGN_IDENTITY = "iPhone Developer";
				COPY_PHASE_STRIP = NO;
				DEBUG_INFORMATION_FORMAT = "dwarf-with-dsym";
				ENABLE_NS_ASSERTIONS = NO;
				ENABLE_STRICT_OBJC_MSGSEND = YES;
				GCC_C_LANGUAGE_STANDARD = gnu11;
				GCC_NO_COMMON_BLOCKS = YES;
				GCC_WARN_64_TO_32_BIT_CONVERSION = YES;
				GCC_WARN_ABOUT_RETURN_TYPE = YES_ERROR;
				GCC_WARN_UNDECLARED_SELECTOR = YES;
				GCC_WARN_UNINITIALIZED_AUTOS = YES_AGGRESSIVE;
				GCC_WARN_UNUSED_FUNCTION = YES;
				GCC_WARN_UNUSED_VARIABLE = YES;
				IPHONEOS_DEPLOYMENT_TARGET = 12.2;
				MTL_ENABLE_DEBUG_INFO = NO;
				MTL_FAST_MATH = YES;
				SDKROOT = iphoneos;
				SWIFT_COMPILATION_MODE = wholemodule;
				SWIFT_OPTIMIZATION_LEVEL = "-O";
				VALIDATE_PRODUCT = YES;
			};
			name = Release;
		};
		189121652292DBC700D30BDF /* Debug */ = {
			isa = XCBuildConfiguration;
			baseConfigurationReference = 85E92DA8ABE341A5B279333C /* Pods-MyTodoList.debug.xcconfig */;
			buildSettings = {
				ASSETCATALOG_COMPILER_APPICON_NAME = AppIcon;
				CODE_SIGN_STYLE = Automatic;
				INFOPLIST_FILE = MyTodoList/Info.plist;
				LD_RUNPATH_SEARCH_PATHS = (
					"$(inherited)",
					"@executable_path/Frameworks",
				);
				PRODUCT_BUNDLE_IDENTIFIER = Zaid.MyTodoList;
				PRODUCT_NAME = "$(TARGET_NAME)";
				SWIFT_VERSION = 5.0;
				TARGETED_DEVICE_FAMILY = "1,2";
			};
			name = Debug;
		};
		189121662292DBC700D30BDF /* Release */ = {
			isa = XCBuildConfiguration;
			baseConfigurationReference = 242CCC5636A2D96A01E9E6A4 /* Pods-MyTodoList.release.xcconfig */;
			buildSettings = {
				ASSETCATALOG_COMPILER_APPICON_NAME = AppIcon;
				CODE_SIGN_STYLE = Automatic;
				INFOPLIST_FILE = MyTodoList/Info.plist;
				LD_RUNPATH_SEARCH_PATHS = (
					"$(inherited)",
					"@executable_path/Frameworks",
				);
				PRODUCT_BUNDLE_IDENTIFIER = Zaid.MyTodoList;
				PRODUCT_NAME = "$(TARGET_NAME)";
				SWIFT_VERSION = 5.0;
				TARGETED_DEVICE_FAMILY = "1,2";
			};
			name = Release;
		};
/* End XCBuildConfiguration section */

/* Begin XCConfigurationList section */
		1891214D2292DBC500D30BDF /* Build configuration list for PBXProject "MyTodoList" */ = {
			isa = XCConfigurationList;
			buildConfigurations = (
				189121622292DBC700D30BDF /* Debug */,
				189121632292DBC700D30BDF /* Release */,
			);
			defaultConfigurationIsVisible = 0;
			defaultConfigurationName = Release;
		};
		189121642292DBC700D30BDF /* Build configuration list for PBXNativeTarget "MyTodoList" */ = {
			isa = XCConfigurationList;
			buildConfigurations = (
				189121652292DBC700D30BDF /* Debug */,
				189121662292DBC700D30BDF /* Release */,
			);
			defaultConfigurationIsVisible = 0;
			defaultConfigurationName = Release;
		};
/* End XCConfigurationList section */
	};
	rootObject = 1891214A2292DBC500D30BDF /* Project object */;
}
